
Microsoft Visual Studio Solution File, Format Version 12.00
# Visual Studio 15
VisualStudioVersion = 15.0.28307.421
MinimumVisualStudioVersion = 10.0.40219.1
Project("{FAE04EC0-301F-11D3-BF4B-00C04F79EFBC}") = "App10.Android", "App10\App10.Android\App10.Android.csproj", "{8C2D24A2-ACEB-4D22-A19E-1104B0399A70}"
EndProject
Project("{FAE04EC0-301F-11D3-BF4B-00C04F79EFBC}") = "App10.iOS", "App10\App10.iOS\App10.iOS.csproj", "{C037277A-6F5E-4ABD-877D-7B234BD599EA}"
EndProject
Project("{FAE04EC0-301F-11D3-BF4B-00C04F79EFBC}") = "App10.UWP", "App10\App10.UWP\App10.UWP.csproj", "{D7F53371-85AA-4113-BCA3-36FC4F4300D5}"
EndProject
Project("{FAE04EC0-301F-11D3-BF4B-00C04F79EFBC}") = "App10", "App10\App10\App10.csproj", "{C1BFAF34-B6D6-4866-9FE7-78AFF26CAB5C}"
EndProject
Global
	GlobalSection(SolutionConfigurationPlatforms) = preSolution
		Ad-Hoc|Any CPU = Ad-Hoc|Any CPU
		Ad-Hoc|ARM = Ad-Hoc|ARM
		Ad-Hoc|iPhone = Ad-Hoc|iPhone
		Ad-Hoc|iPhoneSimulator = Ad-Hoc|iPhoneSimulator
		Ad-Hoc|x64 = Ad-Hoc|x64
		Ad-Hoc|x86 = Ad-Hoc|x86
		AppStore|Any CPU = AppStore|Any CPU
		AppStore|ARM = AppStore|ARM
		AppStore|iPhone = AppStore|iPhone
		AppStore|iPhoneSimulator = AppStore|iPhoneSimulator
		AppStore|x64 = AppStore|x64
		AppStore|x86 = AppStore|x86
		Debug|Any CPU = Debug|Any CPU
		Debug|ARM = Debug|ARM
		Debug|iPhone = Debug|iPhone
		Debug|iPhoneSimulator = Debug|iPhoneSimulator
		Debug|x64 = Debug|x64
		Debug|x86 = Debug|x86
		Release|Any CPU = Release|Any CPU
		Release|ARM = Release|ARM
		Release|iPhone = Release|iPhone
		Release|iPhoneSimulator = Release|iPhoneSimulator
		Release|x64 = Release|x64
		Release|x86 = Release|x86
	EndGlobalSection
	GlobalSection(ProjectConfigurationPlatforms) = postSolution
		{8C2D24A2-ACEB-4D22-A19E-1104B0399A70}.Ad-Hoc|Any CPU.ActiveCfg = Release|Any CPU
		{8C2D24A2-ACEB-4D22-A19E-1104B0399A70}.Ad-Hoc|Any CPU.Build.0 = Release|Any CPU
		{8C2D24A2-ACEB-4D22-A19E-1104B0399A70}.Ad-Hoc|Any CPU.Deploy.0 = Release|Any CPU
		{8C2D24A2-ACEB-4D22-A19E-1104B0399A70}.Ad-Hoc|ARM.ActiveCfg = Release|Any CPU
		{8C2D24A2-ACEB-4D22-A19E-1104B0399A70}.Ad-Hoc|ARM.Build.0 = Release|Any CPU
		{8C2D24A2-ACEB-4D22-A19E-1104B0399A70}.Ad-Hoc|ARM.Deploy.0 = Release|Any CPU
		{8C2D24A2-ACEB-4D22-A19E-1104B0399A70}.Ad-Hoc|iPhone.ActiveCfg = Release|Any CPU
		{8C2D24A2-ACEB-4D22-A19E-1104B0399A70}.Ad-Hoc|iPhone.Build.0 = Release|Any CPU
		{8C2D24A2-ACEB-4D22-A19E-1104B0399A70}.Ad-Hoc|iPhone.Deploy.0 = Release|Any CPU
		{8C2D24A2-ACEB-4D22-A19E-1104B0399A70}.Ad-Hoc|iPhoneSimulator.ActiveCfg = Release|Any CPU
		{8C2D24A2-ACEB-4D22-A19E-1104B0399A70}.Ad-Hoc|iPhoneSimulator.Build.0 = Release|Any CPU
		{8C2D24A2-ACEB-4D22-A19E-1104B0399A70}.Ad-Hoc|iPhoneSimulator.Deploy.0 = Release|Any CPU
		{8C2D24A2-ACEB-4D22-A19E-1104B0399A70}.Ad-Hoc|x64.ActiveCfg = Release|Any CPU
		{8C2D24A2-ACEB-4D22-A19E-1104B0399A70}.Ad-Hoc|x64.Build.0 = Release|Any CPU
		{8C2D24A2-ACEB-4D22-A19E-1104B0399A70}.Ad-Hoc|x64.Deploy.0 = Release|Any CPU
		{8C2D24A2-ACEB-4D22-A19E-1104B0399A70}.Ad-Hoc|x86.ActiveCfg = Release|Any CPU
		{8C2D24A2-ACEB-4D22-A19E-1104B0399A70}.Ad-Hoc|x86.Build.0 = Release|Any CPU
		{8C2D24A2-ACEB-4D22-A19E-1104B0399A70}.Ad-Hoc|x86.Deploy.0 = Release|Any CPU
		{8C2D24A2-ACEB-4D22-A19E-1104B0399A70}.AppStore|Any CPU.ActiveCfg = Release|Any CPU
		{8C2D24A2-ACEB-4D22-A19E-1104B0399A70}.AppStore|Any CPU.Build.0 = Release|Any CPU
		{8C2D24A2-ACEB-4D22-A19E-1104B0399A70}.AppStore|Any CPU.Deploy.0 = Release|Any CPU
		{8C2D24A2-ACEB-4D22-A19E-1104B0399A70}.AppStore|ARM.ActiveCfg = Release|Any CPU
		{8C2D24A2-ACEB-4D22-A19E-1104B0399A70}.AppStore|ARM.Build.0 = Release|Any CPU
		{8C2D24A2-ACEB-4D22-A19E-1104B0399A70}.AppStore|ARM.Deploy.0 = Release|Any CPU
		{8C2D24A2-ACEB-4D22-A19E-1104B0399A70}.AppStore|iPhone.ActiveCfg = Release|Any CPU
		{8C2D24A2-ACEB-4D22-A19E-1104B0399A70}.AppStore|iPhone.Build.0 = Release|Any CPU
		{8C2D24A2-ACEB-4D22-A19E-1104B0399A70}.AppStore|iPhone.Deploy.0 = Release|Any CPU
		{8C2D24A2-ACEB-4D22-A19E-1104B0399A70}.AppStore|iPhoneSimulator.ActiveCfg = Release|Any CPU
		{8C2D24A2-ACEB-4D22-A19E-1104B0399A70}.AppStore|iPhoneSimulator.Build.0 = Release|Any CPU
		{8C2D24A2-ACEB-4D22-A19E-1104B0399A70}.AppStore|iPhoneSimulator.Deploy.0 = Release|Any CPU
		{8C2D24A2-ACEB-4D22-A19E-1104B0399A70}.AppStore|x64.ActiveCfg = Release|Any CPU
		{8C2D24A2-ACEB-4D22-A19E-1104B0399A70}.AppStore|x64.Build.0 = Release|Any CPU
		{8C2D24A2-ACEB-4D22-A19E-1104B0399A70}.AppStore|x64.Deploy.0 = Release|Any CPU
		{8C2D24A2-ACEB-4D22-A19E-1104B0399A70}.AppStore|x86.ActiveCfg = Release|Any CPU
		{8C2D24A2-ACEB-4D22-A19E-1104B0399A70}.AppStore|x86.Build.0 = Release|Any CPU
		{8C2D24A2-ACEB-4D22-A19E-1104B0399A70}.AppStore|x86.Deploy.0 = Release|Any CPU
		{8C2D24A2-ACEB-4D22-A19E-1104B0399A70}.Debug|Any CPU.ActiveCfg = Debug|Any CPU
		{8C2D24A2-ACEB-4D22-A19E-1104B0399A70}.Debug|Any CPU.Build.0 = Debug|Any CPU
		{8C2D24A2-ACEB-4D22-A19E-1104B0399A70}.Debug|Any CPU.Deploy.0 = Debug|Any CPU
		{8C2D24A2-ACEB-4D22-A19E-1104B0399A70}.Debug|ARM.ActiveCfg = Debug|Any CPU
		{8C2D24A2-ACEB-4D22-A19E-1104B0399A70}.Debug|ARM.Build.0 = Debug|Any CPU
		{8C2D24A2-ACEB-4D22-A19E-1104B0399A70}.Debug|ARM.Deploy.0 = Debug|Any CPU
		{8C2D24A2-ACEB-4D22-A19E-1104B0399A70}.Debug|iPhone.ActiveCfg = Debug|Any CPU
		{8C2D24A2-ACEB-4D22-A19E-1104B0399A70}.Debug|iPhone.Build.0 = Debug|Any CPU
		{8C2D24A2-ACEB-4D22-A19E-1104B0399A70}.Debug|iPhone.Deploy.0 = Debug|Any CPU
		{8C2D24A2-ACEB-4D22-A19E-1104B0399A70}.Debug|iPhoneSimulator.ActiveCfg = Debug|Any CPU
		{8C2D24A2-ACEB-4D22-A19E-1104B0399A70}.Debug|iPhoneSimulator.Build.0 = Debug|Any CPU
		{8C2D24A2-ACEB-4D22-A19E-1104B0399A70}.Debug|iPhoneSimulator.Deploy.0 = Debug|Any CPU
		{8C2D24A2-ACEB-4D22-A19E-1104B0399A70}.Debug|x64.ActiveCfg = Debug|Any CPU
		{8C2D24A2-ACEB-4D22-A19E-1104B0399A70}.Debug|x64.Build.0 = Debug|Any CPU
		{8C2D24A2-ACEB-4D22-A19E-1104B0399A70}.Debug|x64.Deploy.0 = Debug|Any CPU
		{8C2D24A2-ACEB-4D22-A19E-1104B0399A70}.Debug|x86.ActiveCfg = Debug|Any CPU
		{8C2D24A2-ACEB-4D22-A19E-1104B0399A70}.Debug|x86.Build.0 = Debug|Any CPU
		{8C2D24A2-ACEB-4D22-A19E-1104B0399A70}.Debug|x86.Deploy.0 = Debug|Any CPU
		{8C2D24A2-ACEB-4D22-A19E-1104B0399A70}.Release|Any CPU.ActiveCfg = Release|Any CPU
		{8C2D24A2-ACEB-4D22-A19E-1104B0399A70}.Release|Any CPU.Build.0 = Release|Any CPU
		{8C2D24A2-ACEB-4D22-A19E-1104B0399A70}.Release|Any CPU.Deploy.0 = Release|Any CPU
		{8C2D24A2-ACEB-4D22-A19E-1104B0399A70}.Release|ARM.ActiveCfg = Release|Any CPU
		{8C2D24A2-ACEB-4D22-A19E-1104B0399A70}.Release|ARM.Build.0 = Release|Any CPU
		{8C2D24A2-ACEB-4D22-A19E-1104B0399A70}.Release|ARM.Deploy.0 = Release|Any CPU
		{8C2D24A2-ACEB-4D22-A19E-1104B0399A70}.Release|iPhone.ActiveCfg = Release|Any CPU
		{8C2D24A2-ACEB-4D22-A19E-1104B0399A70}.Release|iPhone.Build.0 = Release|Any CPU
		{8C2D24A2-ACEB-4D22-A19E-1104B0399A70}.Release|iPhone.Deploy.0 = Release|Any CPU
		{8C2D24A2-ACEB-4D22-A19E-1104B0399A70}.Release|iPhoneSimulator.ActiveCfg = Release|Any CPU
		{8C2D24A2-ACEB-4D22-A19E-1104B0399A70}.Release|iPhoneSimulator.Build.0 = Release|Any CPU
		{8C2D24A2-ACEB-4D22-A19E-1104B0399A70}.Release|iPhoneSimulator.Deploy.0 = Release|Any CPU
		{8C2D24A2-ACEB-4D22-A19E-1104B0399A70}.Release|x64.ActiveCfg = Release|Any CPU
		{8C2D24A2-ACEB-4D22-A19E-1104B0399A70}.Release|x64.Build.0 = Release|Any CPU
		{8C2D24A2-ACEB-4D22-A19E-1104B0399A70}.Release|x64.Deploy.0 = Release|Any CPU
		{8C2D24A2-ACEB-4D22-A19E-1104B0399A70}.Release|x86.ActiveCfg = Release|Any CPU
		{8C2D24A2-ACEB-4D22-A19E-1104B0399A70}.Release|x86.Build.0 = Release|Any CPU
		{8C2D24A2-ACEB-4D22-A19E-1104B0399A70}.Release|x86.Deploy.0 = Release|Any CPU
		{C037277A-6F5E-4ABD-877D-7B234BD599EA}.Ad-Hoc|Any CPU.ActiveCfg = Ad-Hoc|iPhone
		{C037277A-6F5E-4ABD-877D-7B234BD599EA}.Ad-Hoc|Any CPU.Build.0 = Ad-Hoc|iPhone
		{C037277A-6F5E-4ABD-877D-7B234BD599EA}.Ad-Hoc|Any CPU.Deploy.0 = Ad-Hoc|iPhone
		{C037277A-6F5E-4ABD-877D-7B234BD599EA}.Ad-Hoc|ARM.ActiveCfg = Ad-Hoc|iPhone
		{C037277A-6F5E-4ABD-877D-7B234BD599EA}.Ad-Hoc|ARM.Build.0 = Ad-Hoc|iPhone
		{C037277A-6F5E-4ABD-877D-7B234BD599EA}.Ad-Hoc|ARM.Deploy.0 = Ad-Hoc|iPhone
		{C037277A-6F5E-4ABD-877D-7B234BD599EA}.Ad-Hoc|iPhone.ActiveCfg = Ad-Hoc|iPhone
		{C037277A-6F5E-4ABD-877D-7B234BD599EA}.Ad-Hoc|iPhone.Build.0 = Ad-Hoc|iPhone
		{C037277A-6F5E-4ABD-877D-7B234BD599EA}.Ad-Hoc|iPhone.Deploy.0 = Ad-Hoc|iPhone
		{C037277A-6F5E-4ABD-877D-7B234BD599EA}.Ad-Hoc|iPhoneSimulator.ActiveCfg = Ad-Hoc|iPhoneSimulator
		{C037277A-6F5E-4ABD-877D-7B234BD599EA}.Ad-Hoc|iPhoneSimulator.Build.0 = Ad-Hoc|iPhoneSimulator
		{C037277A-6F5E-4ABD-877D-7B234BD599EA}.Ad-Hoc|iPhoneSimulator.Deploy.0 = Ad-Hoc|iPhoneSimulator
		{C037277A-6F5E-4ABD-877D-7B234BD599EA}.Ad-Hoc|x64.ActiveCfg = Ad-Hoc|iPhone
		{C037277A-6F5E-4ABD-877D-7B234BD599EA}.Ad-Hoc|x64.Build.0 = Ad-Hoc|iPhone
		{C037277A-6F5E-4ABD-877D-7B234BD599EA}.Ad-Hoc|x64.Deploy.0 = Ad-Hoc|iPhone
		{C037277A-6F5E-4ABD-877D-7B234BD599EA}.Ad-Hoc|x86.ActiveCfg = Ad-Hoc|iPhone
		{C037277A-6F5E-4ABD-877D-7B234BD599EA}.Ad-Hoc|x86.Build.0 = Ad-Hoc|iPhone
		{C037277A-6F5E-4ABD-877D-7B234BD599EA}.Ad-Hoc|x86.Deploy.0 = Ad-Hoc|iPhone
		{C037277A-6F5E-4ABD-877D-7B234BD599EA}.AppStore|Any CPU.ActiveCfg = AppStore|iPhone
		{C037277A-6F5E-4ABD-877D-7B234BD599EA}.AppStore|Any CPU.Build.0 = AppStore|iPhone
		{C037277A-6F5E-4ABD-877D-7B234BD599EA}.AppStore|Any CPU.Deploy.0 = AppStore|iPhone
		{C037277A-6F5E-4ABD-877D-7B234BD599EA}.AppStore|ARM.ActiveCfg = AppStore|iPhone
		{C037277A-6F5E-4ABD-877D-7B234BD599EA}.AppStore|ARM.Build.0 = AppStore|iPhone
		{C037277A-6F5E-4ABD-877D-7B234BD599EA}.AppStore|ARM.Deploy.0 = AppStore|iPhone
		{C037277A-6F5E-4ABD-877D-7B234BD599EA}.AppStore|iPhone.ActiveCfg = AppStore|iPhone
		{C037277A-6F5E-4ABD-877D-7B234BD599EA}.AppStore|iPhone.Build.0 = AppStore|iPhone
		{C037277A-6F5E-4ABD-877D-7B234BD599EA}.AppStore|iPhone.Deploy.0 = AppStore|iPhone
		{C037277A-6F5E-4ABD-877D-7B234BD599EA}.AppStore|iPhoneSimulator.ActiveCfg = AppStore|iPhoneSimulator
		{C037277A-6F5E-4ABD-877D-7B234BD599EA}.AppStore|iPhoneSimulator.Build.0 = AppStore|iPhoneSimulator
		{C037277A-6F5E-4ABD-877D-7B234BD599EA}.AppStore|iPhoneSimulator.Deploy.0 = AppStore|iPhoneSimulator
		{C037277A-6F5E-4ABD-877D-7B234BD599EA}.AppStore|x64.ActiveCfg = AppStore|iPhone
		{C037277A-6F5E-4ABD-877D-7B234BD599EA}.AppStore|x64.Build.0 = AppStore|iPhone
		{C037277A-6F5E-4ABD-877D-7B234BD599EA}.AppStore|x64.Deploy.0 = AppStore|iPhone
		{C037277A-6F5E-4ABD-877D-7B234BD599EA}.AppStore|x86.ActiveCfg = AppStore|iPhone
		{C037277A-6F5E-4ABD-877D-7B234BD599EA}.AppStore|x86.Build.0 = AppStore|iPhone
		{C037277A-6F5E-4ABD-877D-7B234BD599EA}.AppStore|x86.Deploy.0 = AppStore|iPhone
		{C037277A-6F5E-4ABD-877D-7B234BD599EA}.Debug|Any CPU.ActiveCfg = Debug|iPhoneSimulator
		{C037277A-6F5E-4ABD-877D-7B234BD599EA}.Debug|Any CPU.Build.0 = Debug|iPhoneSimulator
		{C037277A-6F5E-4ABD-877D-7B234BD599EA}.Debug|Any CPU.Deploy.0 = Debug|iPhoneSimulator
		{C037277A-6F5E-4ABD-877D-7B234BD599EA}.Debug|ARM.ActiveCfg = Debug|iPhone
		{C037277A-6F5E-4ABD-877D-7B234BD599EA}.Debug|ARM.Build.0 = Debug|iPhone
		{C037277A-6F5E-4ABD-877D-7B234BD599EA}.Debug|ARM.Deploy.0 = Debug|iPhone
		{C037277A-6F5E-4ABD-877D-7B234BD599EA}.Debug|iPhone.ActiveCfg = Debug|iPhone
		{C037277A-6F5E-4ABD-877D-7B234BD599EA}.Debug|iPhone.Build.0 = Debug|iPhone
		{C037277A-6F5E-4ABD-877D-7B234BD599EA}.Debug|iPhone.Deploy.0 = Debug|iPhone
		{C037277A-6F5E-4ABD-877D-7B234BD599EA}.Debug|iPhoneSimulator.ActiveCfg = Debug|iPhoneSimulator
		{C037277A-6F5E-4ABD-877D-7B234BD599EA}.Debug|iPhoneSimulator.Build.0 = Debug|iPhoneSimulator
		{C037277A-6F5E-4ABD-877D-7B234BD599EA}.Debug|iPhoneSimulator.Deploy.0 = Debug|iPhoneSimulator
		{C037277A-6F5E-4ABD-877D-7B234BD599EA}.Debug|x64.ActiveCfg = Debug|iPhone
		{C037277A-6F5E-4ABD-877D-7B234BD599EA}.Debug|x64.Build.0 = Debug|iPhone
		{C037277A-6F5E-4ABD-877D-7B234BD599EA}.Debug|x64.Deploy.0 = Debug|iPhone
		{C037277A-6F5E-4ABD-877D-7B234BD599EA}.Debug|x86.ActiveCfg = Debug|iPhone
		{C037277A-6F5E-4ABD-877D-7B234BD599EA}.Debug|x86.Build.0 = Debug|iPhone
		{C037277A-6F5E-4ABD-877D-7B234BD599EA}.Debug|x86.Deploy.0 = Debug|iPhone
		{C037277A-6F5E-4ABD-877D-7B234BD599EA}.Release|Any CPU.ActiveCfg = Release|iPhone
		{C037277A-6F5E-4ABD-877D-7B234BD599EA}.Release|Any CPU.Build.0 = Release|iPhone
		{C037277A-6F5E-4ABD-877D-7B234BD599EA}.Release|Any CPU.Deploy.0 = Release|iPhone
		{C037277A-6F5E-4ABD-877D-7B234BD599EA}.Release|ARM.ActiveCfg = Release|iPhone
		{C037277A-6F5E-4ABD-877D-7B234BD599EA}.Release|ARM.Build.0 = Release|iPhone
		{C037277A-6F5E-4ABD-877D-7B234BD599EA}.Release|ARM.Deploy.0 = Release|iPhone
		{C037277A-6F5E-4ABD-877D-7B234BD599EA}.Release|iPhone.ActiveCfg = Release|iPhone
		{C037277A-6F5E-4ABD-877D-7B234BD599EA}.Release|iPhone.Build.0 = Release|iPhone
		{C037277A-6F5E-4ABD-877D-7B234BD599EA}.Release|iPhone.Deploy.0 = Release|iPhone
		{C037277A-6F5E-4ABD-877D-7B234BD599EA}.Release|iPhoneSimulator.ActiveCfg = Release|iPhoneSimulator
		{C037277A-6F5E-4ABD-877D-7B234BD599EA}.Release|iPhoneSimulator.Build.0 = Release|iPhoneSimulator
		{C037277A-6F5E-4ABD-877D-7B234BD599EA}.Release|iPhoneSimulator.Deploy.0 = Release|iPhoneSimulator
		{C037277A-6F5E-4ABD-877D-7B234BD599EA}.Release|x64.ActiveCfg = Release|iPhone
		{C037277A-6F5E-4ABD-877D-7B234BD599EA}.Release|x64.Build.0 = Release|iPhone
		{C037277A-6F5E-4ABD-877D-7B234BD599EA}.Release|x64.Deploy.0 = Release|iPhone
		{C037277A-6F5E-4ABD-877D-7B234BD599EA}.Release|x86.ActiveCfg = Release|iPhone
		{C037277A-6F5E-4ABD-877D-7B234BD599EA}.Release|x86.Build.0 = Release|iPhone
		{C037277A-6F5E-4ABD-877D-7B234BD599EA}.Release|x86.Deploy.0 = Release|iPhone
		{D7F53371-85AA-4113-BCA3-36FC4F4300D5}.Ad-Hoc|Any CPU.ActiveCfg = Release|x86
		{D7F53371-85AA-4113-BCA3-36FC4F4300D5}.Ad-Hoc|Any CPU.Build.0 = Release|x86
		{D7F53371-85AA-4113-BCA3-36FC4F4300D5}.Ad-Hoc|Any CPU.Deploy.0 = Release|x86
		{D7F53371-85AA-4113-BCA3-36FC4F4300D5}.Ad-Hoc|ARM.ActiveCfg = Release|ARM
		{D7F53371-85AA-4113-BCA3-36FC4F4300D5}.Ad-Hoc|ARM.Build.0 = Release|ARM
		{D7F53371-85AA-4113-BCA3-36FC4F4300D5}.Ad-Hoc|ARM.Deploy.0 = Release|ARM
		{D7F53371-85AA-4113-BCA3-36FC4F4300D5}.Ad-Hoc|iPhone.ActiveCfg = Release|x86
		{D7F53371-85AA-4113-BCA3-36FC4F4300D5}.Ad-Hoc|iPhone.Build.0 = Release|x86
		{D7F53371-85AA-4113-BCA3-36FC4F4300D5}.Ad-Hoc|iPhone.Deploy.0 = Release|x86
		{D7F53371-85AA-4113-BCA3-36FC4F4300D5}.Ad-Hoc|iPhoneSimulator.ActiveCfg = Release|x86
		{D7F53371-85AA-4113-BCA3-36FC4F4300D5}.Ad-Hoc|iPhoneSimulator.Build.0 = Release|x86
		{D7F53371-85AA-4113-BCA3-36FC4F4300D5}.Ad-Hoc|iPhoneSimulator.Deploy.0 = Release|x86
		{D7F53371-85AA-4113-BCA3-36FC4F4300D5}.Ad-Hoc|x64.ActiveCfg = Release|x64
		{D7F53371-85AA-4113-BCA3-36FC4F4300D5}.Ad-Hoc|x64.Build.0 = Release|x64
		{D7F53371-85AA-4113-BCA3-36FC4F4300D5}.Ad-Hoc|x64.Deploy.0 = Release|x64
		{D7F53371-85AA-4113-BCA3-36FC4F4300D5}.Ad-Hoc|x86.ActiveCfg = Release|x86
		{D7F53371-85AA-4113-BCA3-36FC4F4300D5}.Ad-Hoc|x86.Build.0 = Release|x86
		{D7F53371-85AA-4113-BCA3-36FC4F4300D5}.Ad-Hoc|x86.Deploy.0 = Release|x86
		{D7F53371-85AA-4113-BCA3-36FC4F4300D5}.AppStore|Any CPU.ActiveCfg = Release|x86
		{D7F53371-85AA-4113-BCA3-36FC4F4300D5}.AppStore|Any CPU.Build.0 = Release|x86
		{D7F53371-85AA-4113-BCA3-36FC4F4300D5}.AppStore|Any CPU.Deploy.0 = Release|x86
		{D7F53371-85AA-4113-BCA3-36FC4F4300D5}.AppStore|ARM.ActiveCfg = Release|ARM
		{D7F53371-85AA-4113-BCA3-36FC4F4300D5}.AppStore|ARM.Build.0 = Release|ARM
		{D7F53371-85AA-4113-BCA3-36FC4F4300D5}.AppStore|ARM.Deploy.0 = Release|ARM
		{D7F53371-85AA-4113-BCA3-36FC4F4300D5}.AppStore|iPhone.ActiveCfg = Release|x86
		{D7F53371-85AA-4113-BCA3-36FC4F4300D5}.AppStore|iPhone.Build.0 = Release|x86
		{D7F53371-85AA-4113-BCA3-36FC4F4300D5}.AppStore|iPhone.Deploy.0 = Release|x86
		{D7F53371-85AA-4113-BCA3-36FC4F4300D5}.AppStore|iPhoneSimulator.ActiveCfg = Release|x86
		{D7F53371-85AA-4113-BCA3-36FC4F4300D5}.AppStore|iPhoneSimulator.Build.0 = Release|x86
		{D7F53371-85AA-4113-BCA3-36FC4F4300D5}.AppStore|iPhoneSimulator.Deploy.0 = Release|x86
		{D7F53371-85AA-4113-BCA3-36FC4F4300D5}.AppStore|x64.ActiveCfg = Release|x64
		{D7F53371-85AA-4113-BCA3-36FC4F4300D5}.AppStore|x64.Build.0 = Release|x64
		{D7F53371-85AA-4113-BCA3-36FC4F4300D5}.AppStore|x64.Deploy.0 = Release|x64
		{D7F53371-85AA-4113-BCA3-36FC4F4300D5}.AppStore|x86.ActiveCfg = Release|x86
		{D7F53371-85AA-4113-BCA3-36FC4F4300D5}.AppStore|x86.Build.0 = Release|x86
		{D7F53371-85AA-4113-BCA3-36FC4F4300D5}.AppStore|x86.Deploy.0 = Release|x86
		{D7F53371-85AA-4113-BCA3-36FC4F4300D5}.Debug|Any CPU.ActiveCfg = Debug|x86
		{D7F53371-85AA-4113-BCA3-36FC4F4300D5}.Debug|Any CPU.Build.0 = Debug|x86
		{D7F53371-85AA-4113-BCA3-36FC4F4300D5}.Debug|Any CPU.Deploy.0 = Debug|x86
		{D7F53371-85AA-4113-BCA3-36FC4F4300D5}.Debug|ARM.ActiveCfg = Debug|ARM
		{D7F53371-85AA-4113-BCA3-36FC4F4300D5}.Debug|ARM.Build.0 = Debug|ARM
		{D7F53371-85AA-4113-BCA3-36FC4F4300D5}.Debug|ARM.Deploy.0 = Debug|ARM
		{D7F53371-85AA-4113-BCA3-36FC4F4300D5}.Debug|iPhone.ActiveCfg = Debug|x86
		{D7F53371-85AA-4113-BCA3-36FC4F4300D5}.Debug|iPhone.Build.0 = Debug|x86
		{D7F53371-85AA-4113-BCA3-36FC4F4300D5}.Debug|iPhone.Deploy.0 = Debug|x86
		{D7F53371-85AA-4113-BCA3-36FC4F4300D5}.Debug|iPhoneSimulator.ActiveCfg = Debug|x86
		{D7F53371-85AA-4113-BCA3-36FC4F4300D5}.Debug|iPhoneSimulator.Build.0 = Debug|x86
		{D7F53371-85AA-4113-BCA3-36FC4F4300D5}.Debug|iPhoneSimulator.Deploy.0 = Debug|x86
		{D7F53371-85AA-4113-BCA3-36FC4F4300D5}.Debug|x64.ActiveCfg = Debug|x64
		{D7F53371-85AA-4113-BCA3-36FC4F4300D5}.Debug|x64.Build.0 = Debug|x64
		{D7F53371-85AA-4113-BCA3-36FC4F4300D5}.Debug|x64.Deploy.0 = Debug|x64
		{D7F53371-85AA-4113-BCA3-36FC4F4300D5}.Debug|x86.ActiveCfg = Debug|x86
		{D7F53371-85AA-4113-BCA3-36FC4F4300D5}.Debug|x86.Build.0 = Debug|x86
		{D7F53371-85AA-4113-BCA3-36FC4F4300D5}.Debug|x86.Deploy.0 = Debug|x86
		{D7F53371-85AA-4113-BCA3-36FC4F4300D5}.Release|Any CPU.ActiveCfg = Release|x86
		{D7F53371-85AA-4113-BCA3-36FC4F4300D5}.Release|Any CPU.Build.0 = Release|x86
		{D7F53371-85AA-4113-BCA3-36FC4F4300D5}.Release|Any CPU.Deploy.0 = Release|x86
		{D7F53371-85AA-4113-BCA3-36FC4F4300D5}.Release|ARM.ActiveCfg = Release|ARM
		{D7F53371-85AA-4113-BCA3-36FC4F4300D5}.Release|ARM.Build.0 = Release|ARM
		{D7F53371-85AA-4113-BCA3-36FC4F4300D5}.Release|ARM.Deploy.0 = Release|ARM
		{D7F53371-85AA-4113-BCA3-36FC4F4300D5}.Release|iPhone.ActiveCfg = Release|x86
		{D7F53371-85AA-4113-BCA3-36FC4F4300D5}.Release|iPhone.Build.0 = Release|x86
		{D7F53371-85AA-4113-BCA3-36FC4F4300D5}.Release|iPhone.Deploy.0 = Release|x86
		{D7F53371-85AA-4113-BCA3-36FC4F4300D5}.Release|iPhoneSimulator.ActiveCfg = Release|x86
		{D7F53371-85AA-4113-BCA3-36FC4F4300D5}.Release|iPhoneSimulator.Build.0 = Release|x86
		{D7F53371-85AA-4113-BCA3-36FC4F4300D5}.Release|iPhoneSimulator.Deploy.0 = Release|x86
		{D7F53371-85AA-4113-BCA3-36FC4F4300D5}.Release|x64.ActiveCfg = Release|x64
		{D7F53371-85AA-4113-BCA3-36FC4F4300D5}.Release|x64.Build.0 = Release|x64
		{D7F53371-85AA-4113-BCA3-36FC4F4300D5}.Release|x64.Deploy.0 = Release|x64
		{D7F53371-85AA-4113-BCA3-36FC4F4300D5}.Release|x86.ActiveCfg = Release|x86
		{D7F53371-85AA-4113-BCA3-36FC4F4300D5}.Release|x86.Build.0 = Release|x86
		{D7F53371-85AA-4113-BCA3-36FC4F4300D5}.Release|x86.Deploy.0 = Release|x86
		{C1BFAF34-B6D6-4866-9FE7-78AFF26CAB5C}.Ad-Hoc|Any CPU.ActiveCfg = Debug|Any CPU
		{C1BFAF34-B6D6-4866-9FE7-78AFF26CAB5C}.Ad-Hoc|Any CPU.Build.0 = Debug|Any CPU
		{C1BFAF34-B6D6-4866-9FE7-78AFF26CAB5C}.Ad-Hoc|Any CPU.Deploy.0 = Debug|Any CPU
		{C1BFAF34-B6D6-4866-9FE7-78AFF26CAB5C}.Ad-Hoc|ARM.ActiveCfg = Debug|Any CPU
		{C1BFAF34-B6D6-4866-9FE7-78AFF26CAB5C}.Ad-Hoc|ARM.Build.0 = Debug|Any CPU
		{C1BFAF34-B6D6-4866-9FE7-78AFF26CAB5C}.Ad-Hoc|ARM.Deploy.0 = Debug|Any CPU
		{C1BFAF34-B6D6-4866-9FE7-78AFF26CAB5C}.Ad-Hoc|iPhone.ActiveCfg = Debug|Any CPU
		{C1BFAF34-B6D6-4866-9FE7-78AFF26CAB5C}.Ad-Hoc|iPhone.Build.0 = Debug|Any CPU
		{C1BFAF34-B6D6-4866-9FE7-78AFF26CAB5C}.Ad-Hoc|iPhone.Deploy.0 = Debug|Any CPU
		{C1BFAF34-B6D6-4866-9FE7-78AFF26CAB5C}.Ad-Hoc|iPhoneSimulator.ActiveCfg = Debug|Any CPU
		{C1BFAF34-B6D6-4866-9FE7-78AFF26CAB5C}.Ad-Hoc|iPhoneSimulator.Build.0 = Debug|Any CPU
		{C1BFAF34-B6D6-4866-9FE7-78AFF26CAB5C}.Ad-Hoc|iPhoneSimulator.Deploy.0 = Debug|Any CPU
		{C1BFAF34-B6D6-4866-9FE7-78AFF26CAB5C}.Ad-Hoc|x64.ActiveCfg = Debug|Any CPU
		{C1BFAF34-B6D6-4866-9FE7-78AFF26CAB5C}.Ad-Hoc|x64.Build.0 = Debug|Any CPU
		{C1BFAF34-B6D6-4866-9FE7-78AFF26CAB5C}.Ad-Hoc|x64.Deploy.0 = Debug|Any CPU
		{C1BFAF34-B6D6-4866-9FE7-78AFF26CAB5C}.Ad-Hoc|x86.ActiveCfg = Debug|Any CPU
		{C1BFAF34-B6D6-4866-9FE7-78AFF26CAB5C}.Ad-Hoc|x86.Build.0 = Debug|Any CPU
		{C1BFAF34-B6D6-4866-9FE7-78AFF26CAB5C}.Ad-Hoc|x86.Deploy.0 = Debug|Any CPU
		{C1BFAF34-B6D6-4866-9FE7-78AFF26CAB5C}.AppStore|Any CPU.ActiveCfg = Debug|Any CPU
		{C1BFAF34-B6D6-4866-9FE7-78AFF26CAB5C}.AppStore|Any CPU.Build.0 = Debug|Any CPU
		{C1BFAF34-B6D6-4866-9FE7-78AFF26CAB5C}.AppStore|Any CPU.Deploy.0 = Debug|Any CPU
		{C1BFAF34-B6D6-4866-9FE7-78AFF26CAB5C}.AppStore|ARM.ActiveCfg = Debug|Any CPU
		{C1BFAF34-B6D6-4866-9FE7-78AFF26CAB5C}.AppStore|ARM.Build.0 = Debug|Any CPU
		{C1BFAF34-B6D6-4866-9FE7-78AFF26CAB5C}.AppStore|ARM.Deploy.0 = Debug|Any CPU
		{C1BFAF34-B6D6-4866-9FE7-78AFF26CAB5C}.AppStore|iPhone.ActiveCfg = Debug|Any CPU
		{C1BFAF34-B6D6-4866-9FE7-78AFF26CAB5C}.AppStore|iPhone.Build.0 = Debug|Any CPU
		{C1BFAF34-B6D6-4866-9FE7-78AFF26CAB5C}.AppStore|iPhone.Deploy.0 = Debug|Any CPU
		{C1BFAF34-B6D6-4866-9FE7-78AFF26CAB5C}.AppStore|iPhoneSimulator.ActiveCfg = Debug|Any CPU
		{C1BFAF34-B6D6-4866-9FE7-78AFF26CAB5C}.AppStore|iPhoneSimulator.Build.0 = Debug|Any CPU
		{C1BFAF34-B6D6-4866-9FE7-78AFF26CAB5C}.AppStore|iPhoneSimulator.Deploy.0 = Debug|Any CPU
		{C1BFAF34-B6D6-4866-9FE7-78AFF26CAB5C}.AppStore|x64.ActiveCfg = Debug|Any CPU
		{C1BFAF34-B6D6-4866-9FE7-78AFF26CAB5C}.AppStore|x64.Build.0 = Debug|Any CPU
		{C1BFAF34-B6D6-4866-9FE7-78AFF26CAB5C}.AppStore|x64.Deploy.0 = Debug|Any CPU
		{C1BFAF34-B6D6-4866-9FE7-78AFF26CAB5C}.AppStore|x86.ActiveCfg = Debug|Any CPU
		{C1BFAF34-B6D6-4866-9FE7-78AFF26CAB5C}.AppStore|x86.Build.0 = Debug|Any CPU
		{C1BFAF34-B6D6-4866-9FE7-78AFF26CAB5C}.AppStore|x86.Deploy.0 = Debug|Any CPU
		{C1BFAF34-B6D6-4866-9FE7-78AFF26CAB5C}.Debug|Any CPU.ActiveCfg = Debug|Any CPU
		{C1BFAF34-B6D6-4866-9FE7-78AFF26CAB5C}.Debug|Any CPU.Build.0 = Debug|Any CPU
		{C1BFAF34-B6D6-4866-9FE7-78AFF26CAB5C}.Debug|Any CPU.Deploy.0 = Debug|Any CPU
		{C1BFAF34-B6D6-4866-9FE7-78AFF26CAB5C}.Debug|ARM.ActiveCfg = Debug|Any CPU
		{C1BFAF34-B6D6-4866-9FE7-78AFF26CAB5C}.Debug|ARM.Build.0 = Debug|Any CPU
		{C1BFAF34-B6D6-4866-9FE7-78AFF26CAB5C}.Debug|ARM.Deploy.0 = Debug|Any CPU
		{C1BFAF34-B6D6-4866-9FE7-78AFF26CAB5C}.Debug|iPhone.ActiveCfg = Debug|Any CPU
		{C1BFAF34-B6D6-4866-9FE7-78AFF26CAB5C}.Debug|iPhone.Build.0 = Debug|Any CPU
		{C1BFAF34-B6D6-4866-9FE7-78AFF26CAB5C}.Debug|iPhone.Deploy.0 = Debug|Any CPU
		{C1BFAF34-B6D6-4866-9FE7-78AFF26CAB5C}.Debug|iPhoneSimulator.ActiveCfg = Debug|Any CPU
		{C1BFAF34-B6D6-4866-9FE7-78AFF26CAB5C}.Debug|iPhoneSimulator.Build.0 = Debug|Any CPU
		{C1BFAF34-B6D6-4866-9FE7-78AFF26CAB5C}.Debug|iPhoneSimulator.Deploy.0 = Debug|Any CPU
		{C1BFAF34-B6D6-4866-9FE7-78AFF26CAB5C}.Debug|x64.ActiveCfg = Debug|Any CPU
		{C1BFAF34-B6D6-4866-9FE7-78AFF26CAB5C}.Debug|x64.Build.0 = Debug|Any CPU
		{C1BFAF34-B6D6-4866-9FE7-78AFF26CAB5C}.Debug|x64.Deploy.0 = Debug|Any CPU
		{C1BFAF34-B6D6-4866-9FE7-78AFF26CAB5C}.Debug|x86.ActiveCfg = Debug|Any CPU
		{C1BFAF34-B6D6-4866-9FE7-78AFF26CAB5C}.Debug|x86.Build.0 = Debug|Any CPU
		{C1BFAF34-B6D6-4866-9FE7-78AFF26CAB5C}.Debug|x86.Deploy.0 = Debug|Any CPU
		{C1BFAF34-B6D6-4866-9FE7-78AFF26CAB5C}.Release|Any CPU.ActiveCfg = Release|Any CPU
		{C1BFAF34-B6D6-4866-9FE7-78AFF26CAB5C}.Release|Any CPU.Build.0 = Release|Any CPU
		{C1BFAF34-B6D6-4866-9FE7-78AFF26CAB5C}.Release|Any CPU.Deploy.0 = Release|Any CPU
		{C1BFAF34-B6D6-4866-9FE7-78AFF26CAB5C}.Release|ARM.ActiveCfg = Release|Any CPU
		{C1BFAF34-B6D6-4866-9FE7-78AFF26CAB5C}.Release|ARM.Build.0 = Release|Any CPU
		{C1BFAF34-B6D6-4866-9FE7-78AFF26CAB5C}.Release|ARM.Deploy.0 = Release|Any CPU
		{C1BFAF34-B6D6-4866-9FE7-78AFF26CAB5C}.Release|iPhone.ActiveCfg = Release|Any CPU
		{C1BFAF34-B6D6-4866-9FE7-78AFF26CAB5C}.Release|iPhone.Build.0 = Release|Any CPU
		{C1BFAF34-B6D6-4866-9FE7-78AFF26CAB5C}.Release|iPhone.Deploy.0 = Release|Any CPU
		{C1BFAF34-B6D6-4866-9FE7-78AFF26CAB5C}.Release|iPhoneSimulator.ActiveCfg = Release|Any CPU
		{C1BFAF34-B6D6-4866-9FE7-78AFF26CAB5C}.Release|iPhoneSimulator.Build.0 = Release|Any CPU
		{C1BFAF34-B6D6-4866-9FE7-78AFF26CAB5C}.Release|iPhoneSimulator.Deploy.0 = Release|Any CPU
		{C1BFAF34-B6D6-4866-9FE7-78AFF26CAB5C}.Release|x64.ActiveCfg = Release|Any CPU
		{C1BFAF34-B6D6-4866-9FE7-78AFF26CAB5C}.Release|x64.Build.0 = Release|Any CPU
		{C1BFAF34-B6D6-4866-9FE7-78AFF26CAB5C}.Release|x64.Deploy.0 = Release|Any CPU
		{C1BFAF34-B6D6-4866-9FE7-78AFF26CAB5C}.Release|x86.ActiveCfg = Release|Any CPU
		{C1BFAF34-B6D6-4866-9FE7-78AFF26CAB5C}.Release|x86.Build.0 = Release|Any CPU
		{C1BFAF34-B6D6-4866-9FE7-78AFF26CAB5C}.Release|x86.Deploy.0 = Release|Any CPU
	EndGlobalSection
	GlobalSection(SolutionProperties) = preSolution
		HideSolutionNode = FALSE
	EndGlobalSection
	GlobalSection(ExtensibilityGlobals) = postSolution
		SolutionGuid = {8B8C3730-0732-4F5C-A783-72178504E078}
	EndGlobalSection
EndGlobal
